<?xml version="1.0" encoding="utf-8"?>
<Project ToolsVersion="4.0" xmlns="http://schemas.microsoft.com/developer/msbuild/2003">
  <ItemGroup>
    <Filter Include="源文件">
      <UniqueIdentifier>{4FC737F1-C7A5-4376-A066-2A32D752A2FF}</UniqueIdentifier>
      <Extensions>cpp;c;cc;cxx;def;odl;idl;hpj;bat;asm;asmx</Extensions>
    </Filter>
    <Filter Include="头文件">
      <UniqueIdentifier>{93995380-89BD-4b04-88EB-625FBE52EBFB}</UniqueIdentifier>
      <Extensions>h;hh;hpp;hxx;hm;inl;inc;xsd</Extensions>
    </Filter>
    <Filter Include="资源文件">
      <UniqueIdentifier>{67DA6AB6-F800-4c08-8B7A-83BB121AAD01}</UniqueIdentifier>
      <Extensions>rc;ico;cur;bmp;dlg;rc2;rct;bin;rgs;gif;jpg;jpeg;jpe;resx;tiff;tif;png;wav;mfcribbon-ms</Extensions>
    </Filter>
    <Filter Include="lua">
      <UniqueIdentifier>{084c41fe-cd6c-4c3a-9f46-557d0dff7be3}</UniqueIdentifier>
    </Filter>
    <Filter Include="utils">
      <UniqueIdentifier>{7507c000-1c89-459f-8929-76a2077c7943}</UniqueIdentifier>
    </Filter>
  </ItemGroup>
  <ItemGroup>
    <ClCompile Include="main.cpp">
      <Filter>源文件</Filter>
    </ClCompile>
    <ClCompile Include="utils\base64_util.cpp">
      <Filter>utils</Filter>
    </ClCompile>
  </ItemGroup>
  <ItemGroup>
    <ClInclude Include="utils\base64_util.h">
      <Filter>utils</Filter>
    </ClInclude>
    <ClInclude Include="..\SDK\lua\luaconf.h">
      <Filter>lua</Filter>
    </ClInclude>
    <ClInclude Include="..\SDK\lua\lcode.h">
      <Filter>lua</Filter>
    </ClInclude>
    <ClInclude Include="..\SDK\lua\lapi.h">
      <Filter>lua</Filter>
    </ClInclude>
    <ClInclude Include="..\SDK\lua\lstring.h">
      <Filter>lua</Filter>
    </ClInclude>
    <ClInclude Include="..\SDK\lua\lobject.h">
      <Filter>lua</Filter>
    </ClInclude>
    <ClInclude Include="..\SDK\lua\lua.h">
      <Filter>lua</Filter>
    </ClInclude>
    <ClInclude Include="..\SDK\lua\lzio.h">
      <Filter>lua</Filter>
    </ClInclude>
    <ClInclude Include="..\SDK\lua\llimits.h">
      <Filter>lua</Filter>
    </ClInclude>
    <ClInclude Include="..\SDK\lua\lparser.h">
      <Filter>lua</Filter>
    </ClInclude>
    <ClInclude Include="..\SDK\lua\lopcodes.h">
      <Filter>lua</Filter>
    </ClInclude>
    <ClInclude Include="..\SDK\lua\lfunc.h">
      <Filter>lua</Filter>
    </ClInclude>
    <ClInclude Include="..\SDK\lua\lgc.h">
      <Filter>lua</Filter>
    </ClInclude>
    <ClInclude Include="..\SDK\lua\llex.h">
      <Filter>lua</Filter>
    </ClInclude>
    <ClInclude Include="..\SDK\lua\ltable.h">
      <Filter>lua</Filter>
    </ClInclude>
    <ClInclude Include="..\SDK\lua\lvm.h">
      <Filter>lua</Filter>
    </ClInclude>
    <ClInclude Include="..\SDK\lua\lstate.h">
      <Filter>lua</Filter>
    </ClInclude>
    <ClInclude Include="..\SDK\lua\ltm.h">
      <Filter>lua</Filter>
    </ClInclude>
    <ClInclude Include="..\SDK\lua\lmem.h">
      <Filter>lua</Filter>
    </ClInclude>
    <ClInclude Include="..\SDK\lua\lundump.h">
      <Filter>lua</Filter>
    </ClInclude>
    <ClInclude Include="..\SDK\lua\ldo.h">
      <Filter>lua</Filter>
    </ClInclude>
    <ClInclude Include="..\SDK\lua\lualib.h">
      <Filter>lua</Filter>
    </ClInclude>
    <ClInclude Include="..\SDK\lua\ldebug.h">
      <Filter>lua</Filter>
    </ClInclude>
    <ClInclude Include="..\SDK\lua\lauxlib.h">
      <Filter>lua</Filter>
    </ClInclude>
    <ClInclude Include="..\SDK\lua\lprefix.h">
      <Filter>lua</Filter>
    </ClInclude>
    <ClInclude Include="my.h">
      <Filter>头文件</Filter>
    </ClInclude>
  </ItemGroup>
</Project>