
Microsoft Visual Studio Solution File, Format Version 12.00
# Visual Studio 14
VisualStudioVersion = 14.0.25420.1
MinimumVisualStudioVersion = 10.0.40219.1
Project("{8BC9CEB8-8B4A-11D0-8D11-00A0C91BC942}") = "LUA", "LUA\LUA.vcxproj", "{9A1BB9DB-36E0-4466-818A-09B940436CA9}"
EndProject
Project("{8BC9CEB8-8B4A-11D0-8D11-00A0C91BC942}") = "mylib", "mylib\mylib.vcxproj", "{E07CFC60-9A83-49B1-9D20-2B393E4141ED}"
EndProject
Project("{8BC9CEB8-8B4A-11D0-8D11-00A0C91BC942}") = "lua5.1", "lua5.1\lua5.1.vcxproj", "{B732AB7F-BA94-4161-BCA9-84D40D34C632}"
EndProject
Project("{8BC9CEB8-8B4A-11D0-8D11-00A0C91BC942}") = "lua5.1lib", "lua5.1lib\lua5.1lib.vcxproj", "{B9F355D3-23F4-4C52-B645-2B2EA5DC27D2}"
EndProject
Project("{8BC9CEB8-8B4A-11D0-8D11-00A0C91BC942}") = "Func2", "Func2\Func2.vcxproj", "{BDF507A0-239E-4083-99B0-1DFFE13E64A0}"
EndProject
Global
	GlobalSection(SolutionConfigurationPlatforms) = preSolution
		Debug|x64 = Debug|x64
		Debug|x86 = Debug|x86
		Release|x64 = Release|x64
		Release|x86 = Release|x86
	EndGlobalSection
	GlobalSection(ProjectConfigurationPlatforms) = postSolution
		{9A1BB9DB-36E0-4466-818A-09B940436CA9}.Debug|x64.ActiveCfg = Debug|x64
		{9A1BB9DB-36E0-4466-818A-09B940436CA9}.Debug|x64.Build.0 = Debug|x64
		{9A1BB9DB-36E0-4466-818A-09B940436CA9}.Debug|x86.ActiveCfg = Debug|Win32
		{9A1BB9DB-36E0-4466-818A-09B940436CA9}.Debug|x86.Build.0 = Debug|Win32
		{9A1BB9DB-36E0-4466-818A-09B940436CA9}.Release|x64.ActiveCfg = Release|x64
		{9A1BB9DB-36E0-4466-818A-09B940436CA9}.Release|x64.Build.0 = Release|x64
		{9A1BB9DB-36E0-4466-818A-09B940436CA9}.Release|x86.ActiveCfg = Release|Win32
		{9A1BB9DB-36E0-4466-818A-09B940436CA9}.Release|x86.Build.0 = Release|Win32
		{E07CFC60-9A83-49B1-9D20-2B393E4141ED}.Debug|x64.ActiveCfg = Debug|x64
		{E07CFC60-9A83-49B1-9D20-2B393E4141ED}.Debug|x64.Build.0 = Debug|x64
		{E07CFC60-9A83-49B1-9D20-2B393E4141ED}.Debug|x86.ActiveCfg = Debug|Win32
		{E07CFC60-9A83-49B1-9D20-2B393E4141ED}.Debug|x86.Build.0 = Debug|Win32
		{E07CFC60-9A83-49B1-9D20-2B393E4141ED}.Release|x64.ActiveCfg = Release|x64
		{E07CFC60-9A83-49B1-9D20-2B393E4141ED}.Release|x64.Build.0 = Release|x64
		{E07CFC60-9A83-49B1-9D20-2B393E4141ED}.Release|x86.ActiveCfg = Release|Win32
		{E07CFC60-9A83-49B1-9D20-2B393E4141ED}.Release|x86.Build.0 = Release|Win32
		{B732AB7F-BA94-4161-BCA9-84D40D34C632}.Debug|x64.ActiveCfg = Debug|x64
		{B732AB7F-BA94-4161-BCA9-84D40D34C632}.Debug|x64.Build.0 = Debug|x64
		{B732AB7F-BA94-4161-BCA9-84D40D34C632}.Debug|x86.ActiveCfg = Debug|Win32
		{B732AB7F-BA94-4161-BCA9-84D40D34C632}.Debug|x86.Build.0 = Debug|Win32
		{B732AB7F-BA94-4161-BCA9-84D40D34C632}.Release|x64.ActiveCfg = Release|x64
		{B732AB7F-BA94-4161-BCA9-84D40D34C632}.Release|x64.Build.0 = Release|x64
		{B732AB7F-BA94-4161-BCA9-84D40D34C632}.Release|x86.ActiveCfg = Release|Win32
		{B732AB7F-BA94-4161-BCA9-84D40D34C632}.Release|x86.Build.0 = Release|Win32
		{B9F355D3-23F4-4C52-B645-2B2EA5DC27D2}.Debug|x64.ActiveCfg = Debug|x64
		{B9F355D3-23F4-4C52-B645-2B2EA5DC27D2}.Debug|x64.Build.0 = Debug|x64
		{B9F355D3-23F4-4C52-B645-2B2EA5DC27D2}.Debug|x86.ActiveCfg = Debug|Win32
		{B9F355D3-23F4-4C52-B645-2B2EA5DC27D2}.Debug|x86.Build.0 = Debug|Win32
		{B9F355D3-23F4-4C52-B645-2B2EA5DC27D2}.Release|x64.ActiveCfg = Release|x64
		{B9F355D3-23F4-4C52-B645-2B2EA5DC27D2}.Release|x64.Build.0 = Release|x64
		{B9F355D3-23F4-4C52-B645-2B2EA5DC27D2}.Release|x86.ActiveCfg = Release|Win32
		{B9F355D3-23F4-4C52-B645-2B2EA5DC27D2}.Release|x86.Build.0 = Release|Win32
		{BDF507A0-239E-4083-99B0-1DFFE13E64A0}.Debug|x64.ActiveCfg = Debug|x64
		{BDF507A0-239E-4083-99B0-1DFFE13E64A0}.Debug|x64.Build.0 = Debug|x64
		{BDF507A0-239E-4083-99B0-1DFFE13E64A0}.Debug|x86.ActiveCfg = Debug|Win32
		{BDF507A0-239E-4083-99B0-1DFFE13E64A0}.Debug|x86.Build.0 = Debug|Win32
		{BDF507A0-239E-4083-99B0-1DFFE13E64A0}.Release|x64.ActiveCfg = Release|x64
		{BDF507A0-239E-4083-99B0-1DFFE13E64A0}.Release|x64.Build.0 = Release|x64
		{BDF507A0-239E-4083-99B0-1DFFE13E64A0}.Release|x86.ActiveCfg = Release|Win32
		{BDF507A0-239E-4083-99B0-1DFFE13E64A0}.Release|x86.Build.0 = Release|Win32
	EndGlobalSection
	GlobalSection(SolutionProperties) = preSolution
		HideSolutionNode = FALSE
	EndGlobalSection
EndGlobal
